
Microsoft Visual Studio Solution File, Format Version 12.00
# Visual Studio Version 17
VisualStudioVersion = 17.7.34009.444
MinimumVisualStudioVersion = 10.0.40219.1
Project("{2150E333-8FDC-42A3-9474-1A3956D46DE8}") = "src", "src", "{9208DD05-F8D0-4B82-9532-7761D54C4167}"
EndProject
Project("{2150E333-8FDC-42A3-9474-1A3956D46DE8}") = "Api", "Api", "{5E3D0305-1D86-4F26-A2CE-C23132CA79B4}"
EndProject
Project("{2150E333-8FDC-42A3-9474-1A3956D46DE8}") = "Clients", "Clients", "{EAD42C2A-5D69-4144-BABD-F283893AA8A0}"
EndProject
Project("{2150E333-8FDC-42A3-9474-1A3956D46DE8}") = "Common", "Common", "{E75156BD-ACAB-41AC-A599-6AEC7E64E417}"
EndProject
Project("{2150E333-8FDC-42A3-9474-1A3956D46DE8}") = "Projections", "Projections", "{565FD85F-D9F2-4E16-959D-FB9A2BBC1CD7}"
EndProject
Project("{2150E333-8FDC-42A3-9474-1A3956D46DE8}") = "Core", "Core", "{E739436F-752D-48FA-A1C5-6B1325DF6226}"
EndProject
Project("{2150E333-8FDC-42A3-9474-1A3956D46DE8}") = "Infrastructure", "Infrastructure", "{E69F92C8-3E0F-4CAC-933A-6382B47694A0}"
EndProject
Project("{2150E333-8FDC-42A3-9474-1A3956D46DE8}") = "WebApi", "WebApi", "{90E627C3-8B9A-49B4-B61D-79E66B0AD1B3}"
EndProject
Project("{2150E333-8FDC-42A3-9474-1A3956D46DE8}") = "BlazorWeb", "BlazorWeb", "{607D0DF7-BDC9-4058-BBD7-9AF9B4F25AAC}"
EndProject
Project("{9A19103F-16F7-4668-BE54-9A1E7A4F7556}") = "Sozluk.Common", "src\Common\Sozluk.Common\Sozluk.Common.csproj", "{5C11C881-BE93-4D31-BC79-4B23BAA391F4}"
EndProject
Project("{9A19103F-16F7-4668-BE54-9A1E7A4F7556}") = "Sozluk.Api.Domain", "src\Api\Core\Sozluk.Api.Domain\Sozluk.Api.Domain.csproj", "{065CA2CD-5D4D-4A94-B858-4526DF9C219E}"
EndProject
Project("{9A19103F-16F7-4668-BE54-9A1E7A4F7556}") = "Sozluk.Api.Application", "src\Api\Core\Sozluk.Api.Application\Sozluk.Api.Application.csproj", "{732B2A44-C559-4E9C-9F88-254A6E82DFDA}"
EndProject
Project("{9A19103F-16F7-4668-BE54-9A1E7A4F7556}") = "Sozluk.Api.WebApi", "src\Api\WebApi\Sozluk.Api.WebApi\Sozluk.Api.WebApi.csproj", "{B55FA901-4F5B-4323-9BFF-0FF4F95AF6EF}"
EndProject
Project("{9A19103F-16F7-4668-BE54-9A1E7A4F7556}") = "Sozluk.Projections.FavoriteService", "src\Projections\Sozluk.Projections.FavoriteService\Sozluk.Projections.FavoriteService.csproj", "{8FF6415F-F9B8-483A-B979-A968CA945A3C}"
EndProject
Project("{9A19103F-16F7-4668-BE54-9A1E7A4F7556}") = "Sozluk.Projections.UserService", "src\Projections\Sozluk.Projections.User\Sozluk.Projections.UserService.csproj", "{E7B3EFF0-C6F9-4616-80DA-5164B542224E}"
EndProject
Project("{9A19103F-16F7-4668-BE54-9A1E7A4F7556}") = "Sozluk.Projections.VoteService", "src\Projections\Sozluk.Projections.VoteService\Sozluk.Projections.VoteService.csproj", "{037893D1-9D7C-4A16-B978-E4D6EAEC60C0}"
EndProject
Project("{9A19103F-16F7-4668-BE54-9A1E7A4F7556}") = "Sozluk.WebApp", "src\Clients\BlazorWeb\Sozluk.WebApp\Sozluk.WebApp.csproj", "{F87429DB-2E3B-4DC2-A5E6-572CA4989B0C}"
EndProject
Project("{9A19103F-16F7-4668-BE54-9A1E7A4F7556}") = "Sozluk.Api.Infrastructure.Persistence", "src\Api\Infrastructure\Sozluk.Api.Infrastructure.Persistence\Sozluk.Api.Infrastructure.Persistence.csproj", "{0C5C309A-7372-4D14-9827-20DCECFBFF4F}"
EndProject
Global
	GlobalSection(SolutionConfigurationPlatforms) = preSolution
		Debug|Any CPU = Debug|Any CPU
		Release|Any CPU = Release|Any CPU
	EndGlobalSection
	GlobalSection(ProjectConfigurationPlatforms) = postSolution
		{5C11C881-BE93-4D31-BC79-4B23BAA391F4}.Debug|Any CPU.ActiveCfg = Debug|Any CPU
		{5C11C881-BE93-4D31-BC79-4B23BAA391F4}.Debug|Any CPU.Build.0 = Debug|Any CPU
		{5C11C881-BE93-4D31-BC79-4B23BAA391F4}.Release|Any CPU.ActiveCfg = Release|Any CPU
		{5C11C881-BE93-4D31-BC79-4B23BAA391F4}.Release|Any CPU.Build.0 = Release|Any CPU
		{065CA2CD-5D4D-4A94-B858-4526DF9C219E}.Debug|Any CPU.ActiveCfg = Debug|Any CPU
		{065CA2CD-5D4D-4A94-B858-4526DF9C219E}.Debug|Any CPU.Build.0 = Debug|Any CPU
		{065CA2CD-5D4D-4A94-B858-4526DF9C219E}.Release|Any CPU.ActiveCfg = Release|Any CPU
		{065CA2CD-5D4D-4A94-B858-4526DF9C219E}.Release|Any CPU.Build.0 = Release|Any CPU
		{732B2A44-C559-4E9C-9F88-254A6E82DFDA}.Debug|Any CPU.ActiveCfg = Debug|Any CPU
		{732B2A44-C559-4E9C-9F88-254A6E82DFDA}.Debug|Any CPU.Build.0 = Debug|Any CPU
		{732B2A44-C559-4E9C-9F88-254A6E82DFDA}.Release|Any CPU.ActiveCfg = Release|Any CPU
		{732B2A44-C559-4E9C-9F88-254A6E82DFDA}.Release|Any CPU.Build.0 = Release|Any CPU
		{B55FA901-4F5B-4323-9BFF-0FF4F95AF6EF}.Debug|Any CPU.ActiveCfg = Debug|Any CPU
		{B55FA901-4F5B-4323-9BFF-0FF4F95AF6EF}.Debug|Any CPU.Build.0 = Debug|Any CPU
		{B55FA901-4F5B-4323-9BFF-0FF4F95AF6EF}.Release|Any CPU.ActiveCfg = Release|Any CPU
		{B55FA901-4F5B-4323-9BFF-0FF4F95AF6EF}.Release|Any CPU.Build.0 = Release|Any CPU
		{8FF6415F-F9B8-483A-B979-A968CA945A3C}.Debug|Any CPU.ActiveCfg = Debug|Any CPU
		{8FF6415F-F9B8-483A-B979-A968CA945A3C}.Debug|Any CPU.Build.0 = Debug|Any CPU
		{8FF6415F-F9B8-483A-B979-A968CA945A3C}.Release|Any CPU.ActiveCfg = Release|Any CPU
		{8FF6415F-F9B8-483A-B979-A968CA945A3C}.Release|Any CPU.Build.0 = Release|Any CPU
		{E7B3EFF0-C6F9-4616-80DA-5164B542224E}.Debug|Any CPU.ActiveCfg = Debug|Any CPU
		{E7B3EFF0-C6F9-4616-80DA-5164B542224E}.Debug|Any CPU.Build.0 = Debug|Any CPU
		{E7B3EFF0-C6F9-4616-80DA-5164B542224E}.Release|Any CPU.ActiveCfg = Release|Any CPU
		{E7B3EFF0-C6F9-4616-80DA-5164B542224E}.Release|Any CPU.Build.0 = Release|Any CPU
		{037893D1-9D7C-4A16-B978-E4D6EAEC60C0}.Debug|Any CPU.ActiveCfg = Debug|Any CPU
		{037893D1-9D7C-4A16-B978-E4D6EAEC60C0}.Debug|Any CPU.Build.0 = Debug|Any CPU
		{037893D1-9D7C-4A16-B978-E4D6EAEC60C0}.Release|Any CPU.ActiveCfg = Release|Any CPU
		{037893D1-9D7C-4A16-B978-E4D6EAEC60C0}.Release|Any CPU.Build.0 = Release|Any CPU
		{F87429DB-2E3B-4DC2-A5E6-572CA4989B0C}.Debug|Any CPU.ActiveCfg = Debug|Any CPU
		{F87429DB-2E3B-4DC2-A5E6-572CA4989B0C}.Debug|Any CPU.Build.0 = Debug|Any CPU
		{F87429DB-2E3B-4DC2-A5E6-572CA4989B0C}.Release|Any CPU.ActiveCfg = Release|Any CPU
		{F87429DB-2E3B-4DC2-A5E6-572CA4989B0C}.Release|Any CPU.Build.0 = Release|Any CPU
		{0C5C309A-7372-4D14-9827-20DCECFBFF4F}.Debug|Any CPU.ActiveCfg = Debug|Any CPU
		{0C5C309A-7372-4D14-9827-20DCECFBFF4F}.Debug|Any CPU.Build.0 = Debug|Any CPU
		{0C5C309A-7372-4D14-9827-20DCECFBFF4F}.Release|Any CPU.ActiveCfg = Release|Any CPU
		{0C5C309A-7372-4D14-9827-20DCECFBFF4F}.Release|Any CPU.Build.0 = Release|Any CPU
	EndGlobalSection
	GlobalSection(SolutionProperties) = preSolution
		HideSolutionNode = FALSE
	EndGlobalSection
	GlobalSection(NestedProjects) = preSolution
		{5E3D0305-1D86-4F26-A2CE-C23132CA79B4} = {9208DD05-F8D0-4B82-9532-7761D54C4167}
		{EAD42C2A-5D69-4144-BABD-F283893AA8A0} = {9208DD05-F8D0-4B82-9532-7761D54C4167}
		{E75156BD-ACAB-41AC-A599-6AEC7E64E417} = {9208DD05-F8D0-4B82-9532-7761D54C4167}
		{565FD85F-D9F2-4E16-959D-FB9A2BBC1CD7} = {9208DD05-F8D0-4B82-9532-7761D54C4167}
		{E739436F-752D-48FA-A1C5-6B1325DF6226} = {5E3D0305-1D86-4F26-A2CE-C23132CA79B4}
		{E69F92C8-3E0F-4CAC-933A-6382B47694A0} = {5E3D0305-1D86-4F26-A2CE-C23132CA79B4}
		{90E627C3-8B9A-49B4-B61D-79E66B0AD1B3} = {5E3D0305-1D86-4F26-A2CE-C23132CA79B4}
		{607D0DF7-BDC9-4058-BBD7-9AF9B4F25AAC} = {EAD42C2A-5D69-4144-BABD-F283893AA8A0}
		{5C11C881-BE93-4D31-BC79-4B23BAA391F4} = {E75156BD-ACAB-41AC-A599-6AEC7E64E417}
		{065CA2CD-5D4D-4A94-B858-4526DF9C219E} = {E739436F-752D-48FA-A1C5-6B1325DF6226}
		{732B2A44-C559-4E9C-9F88-254A6E82DFDA} = {E739436F-752D-48FA-A1C5-6B1325DF6226}
		{B55FA901-4F5B-4323-9BFF-0FF4F95AF6EF} = {90E627C3-8B9A-49B4-B61D-79E66B0AD1B3}
		{8FF6415F-F9B8-483A-B979-A968CA945A3C} = {565FD85F-D9F2-4E16-959D-FB9A2BBC1CD7}
		{E7B3EFF0-C6F9-4616-80DA-5164B542224E} = {565FD85F-D9F2-4E16-959D-FB9A2BBC1CD7}
		{037893D1-9D7C-4A16-B978-E4D6EAEC60C0} = {565FD85F-D9F2-4E16-959D-FB9A2BBC1CD7}
		{F87429DB-2E3B-4DC2-A5E6-572CA4989B0C} = {607D0DF7-BDC9-4058-BBD7-9AF9B4F25AAC}
		{0C5C309A-7372-4D14-9827-20DCECFBFF4F} = {E69F92C8-3E0F-4CAC-933A-6382B47694A0}
	EndGlobalSection
	GlobalSection(ExtensibilityGlobals) = postSolution
		SolutionGuid = {E1B4030F-41E1-43CA-8AAE-B17C7766BA1F}
	EndGlobalSection
EndGlobal
